
Microsoft Visual Studio Solution File, Format Version 12.00
# Visual Studio Version 16
VisualStudioVersion = 16.0.31105.61
MinimumVisualStudioVersion = 10.0.40219.1
Project("{9A19103F-16F7-4668-BE54-9A1E7A4F7556}") = "BackendRecipes.Api", "BackendRecipes.Api\BackendRecipes.Api.csproj", "{915ADE9B-3569-4B55-8AB1-797FF879A536}"
EndProject
Project("{9A19103F-16F7-4668-BE54-9A1E7A4F7556}") = "BackendRecipes.Domain", "BackendRecipes.Domain\BackendRecipes.Domain.csproj", "{666C7C0E-5678-4995-9AB3-7B1A2D0C6D21}"
EndProject
Project("{9A19103F-16F7-4668-BE54-9A1E7A4F7556}") = "BackendRecipes.Infrastructure", "BackendRecipes.Infrastructure\BackendRecipes.Infrastructure.csproj", "{B7DFDEA1-5C26-4EFB-8AF2-5D611ACA0B33}"
EndProject
Global
	GlobalSection(SolutionConfigurationPlatforms) = preSolution
		Debug|Any CPU = Debug|Any CPU
		Release|Any CPU = Release|Any CPU
	EndGlobalSection
	GlobalSection(ProjectConfigurationPlatforms) = postSolution
		{915ADE9B-3569-4B55-8AB1-797FF879A536}.Debug|Any CPU.ActiveCfg = Debug|Any CPU
		{915ADE9B-3569-4B55-8AB1-797FF879A536}.Debug|Any CPU.Build.0 = Debug|Any CPU
		{915ADE9B-3569-4B55-8AB1-797FF879A536}.Release|Any CPU.ActiveCfg = Release|Any CPU
		{915ADE9B-3569-4B55-8AB1-797FF879A536}.Release|Any CPU.Build.0 = Release|Any CPU
		{666C7C0E-5678-4995-9AB3-7B1A2D0C6D21}.Debug|Any CPU.ActiveCfg = Debug|Any CPU
		{666C7C0E-5678-4995-9AB3-7B1A2D0C6D21}.Debug|Any CPU.Build.0 = Debug|Any CPU
		{666C7C0E-5678-4995-9AB3-7B1A2D0C6D21}.Release|Any CPU.ActiveCfg = Release|Any CPU
		{666C7C0E-5678-4995-9AB3-7B1A2D0C6D21}.Release|Any CPU.Build.0 = Release|Any CPU
		{B7DFDEA1-5C26-4EFB-8AF2-5D611ACA0B33}.Debug|Any CPU.ActiveCfg = Debug|Any CPU
		{B7DFDEA1-5C26-4EFB-8AF2-5D611ACA0B33}.Debug|Any CPU.Build.0 = Debug|Any CPU
		{B7DFDEA1-5C26-4EFB-8AF2-5D611ACA0B33}.Release|Any CPU.ActiveCfg = Release|Any CPU
		{B7DFDEA1-5C26-4EFB-8AF2-5D611ACA0B33}.Release|Any CPU.Build.0 = Release|Any CPU
	EndGlobalSection
	GlobalSection(SolutionProperties) = preSolution
		HideSolutionNode = FALSE
	EndGlobalSection
	GlobalSection(ExtensibilityGlobals) = postSolution
		SolutionGuid = {05D215C0-940E-4A4D-A756-0302A13647EC}
	EndGlobalSection
EndGlobal
